
Microsoft Visual Studio Solution File, Format Version 12.00
# Visual Studio Version 17
VisualStudioVersion = 17.5.33516.290
MinimumVisualStudioVersion = 10.0.40219.1
Project("{FAE04EC0-301F-11D3-BF4B-00C04F79EFBC}") = "cs26_delegate", "cs26_delegate\cs26_delegate.csproj", "{7142317E-7E0C-4103-99FD-ACB374ACD7DC}"
EndProject
Project("{FAE04EC0-301F-11D3-BF4B-00C04F79EFBC}") = "cs27_delegatechain", "cs27_delegatechain\cs27_delegatechain.csproj", "{51CC9421-FA9D-458B-AB3D-A1960A30513A}"
EndProject
Project("{FAE04EC0-301F-11D3-BF4B-00C04F79EFBC}") = "cs28_event", "cs28_event\cs28_event.csproj", "{EEDADE77-F915-47E1-B61B-E83851B3D872}"
EndProject
Global
	GlobalSection(SolutionConfigurationPlatforms) = preSolution
		Debug|Any CPU = Debug|Any CPU
		Release|Any CPU = Release|Any CPU
	EndGlobalSection
	GlobalSection(ProjectConfigurationPlatforms) = postSolution
		{7142317E-7E0C-4103-99FD-ACB374ACD7DC}.Debug|Any CPU.ActiveCfg = Debug|Any CPU
		{7142317E-7E0C-4103-99FD-ACB374ACD7DC}.Debug|Any CPU.Build.0 = Debug|Any CPU
		{7142317E-7E0C-4103-99FD-ACB374ACD7DC}.Release|Any CPU.ActiveCfg = Release|Any CPU
		{7142317E-7E0C-4103-99FD-ACB374ACD7DC}.Release|Any CPU.Build.0 = Release|Any CPU
		{51CC9421-FA9D-458B-AB3D-A1960A30513A}.Debug|Any CPU.ActiveCfg = Debug|Any CPU
		{51CC9421-FA9D-458B-AB3D-A1960A30513A}.Debug|Any CPU.Build.0 = Debug|Any CPU
		{51CC9421-FA9D-458B-AB3D-A1960A30513A}.Release|Any CPU.ActiveCfg = Release|Any CPU
		{51CC9421-FA9D-458B-AB3D-A1960A30513A}.Release|Any CPU.Build.0 = Release|Any CPU
		{EEDADE77-F915-47E1-B61B-E83851B3D872}.Debug|Any CPU.ActiveCfg = Debug|Any CPU
		{EEDADE77-F915-47E1-B61B-E83851B3D872}.Debug|Any CPU.Build.0 = Debug|Any CPU
		{EEDADE77-F915-47E1-B61B-E83851B3D872}.Release|Any CPU.ActiveCfg = Release|Any CPU
		{EEDADE77-F915-47E1-B61B-E83851B3D872}.Release|Any CPU.Build.0 = Release|Any CPU
	EndGlobalSection
	GlobalSection(SolutionProperties) = preSolution
		HideSolutionNode = FALSE
	EndGlobalSection
	GlobalSection(ExtensibilityGlobals) = postSolution
		SolutionGuid = {ABEB8690-BD97-449E-A722-FA4A54315A2C}
	EndGlobalSection
EndGlobal
