
Microsoft Visual Studio Solution File, Format Version 12.00
# Visual Studio Version 17
VisualStudioVersion = 17.5.33516.290
MinimumVisualStudioVersion = 10.0.40219.1
Project("{FAE04EC0-301F-11D3-BF4B-00C04F79EFBC}") = "cs10_operator", "cs10_operator\cs10_operator.csproj", "{7F65B011-55B4-453E-A123-21EC2F2B49DC}"
EndProject
Project("{FAE04EC0-301F-11D3-BF4B-00C04F79EFBC}") = "cs11_logiccondition", "cs11_logiccondition\cs11_logiccondition.csproj", "{0A85AFFA-BD0C-4913-A178-CA1460C92515}"
EndProject
Project("{FAE04EC0-301F-11D3-BF4B-00C04F79EFBC}") = "cs12_methods", "cs12_methods\cs12_methods.csproj", "{9ABDA118-E413-4440-BE95-75734D5E3896}"
EndProject
Global
	GlobalSection(SolutionConfigurationPlatforms) = preSolution
		Debug|Any CPU = Debug|Any CPU
		Release|Any CPU = Release|Any CPU
	EndGlobalSection
	GlobalSection(ProjectConfigurationPlatforms) = postSolution
		{7F65B011-55B4-453E-A123-21EC2F2B49DC}.Debug|Any CPU.ActiveCfg = Debug|Any CPU
		{7F65B011-55B4-453E-A123-21EC2F2B49DC}.Debug|Any CPU.Build.0 = Debug|Any CPU
		{7F65B011-55B4-453E-A123-21EC2F2B49DC}.Release|Any CPU.ActiveCfg = Release|Any CPU
		{7F65B011-55B4-453E-A123-21EC2F2B49DC}.Release|Any CPU.Build.0 = Release|Any CPU
		{0A85AFFA-BD0C-4913-A178-CA1460C92515}.Debug|Any CPU.ActiveCfg = Debug|Any CPU
		{0A85AFFA-BD0C-4913-A178-CA1460C92515}.Debug|Any CPU.Build.0 = Debug|Any CPU
		{0A85AFFA-BD0C-4913-A178-CA1460C92515}.Release|Any CPU.ActiveCfg = Release|Any CPU
		{0A85AFFA-BD0C-4913-A178-CA1460C92515}.Release|Any CPU.Build.0 = Release|Any CPU
		{9ABDA118-E413-4440-BE95-75734D5E3896}.Debug|Any CPU.ActiveCfg = Debug|Any CPU
		{9ABDA118-E413-4440-BE95-75734D5E3896}.Debug|Any CPU.Build.0 = Debug|Any CPU
		{9ABDA118-E413-4440-BE95-75734D5E3896}.Release|Any CPU.ActiveCfg = Release|Any CPU
		{9ABDA118-E413-4440-BE95-75734D5E3896}.Release|Any CPU.Build.0 = Release|Any CPU
	EndGlobalSection
	GlobalSection(SolutionProperties) = preSolution
		HideSolutionNode = FALSE
	EndGlobalSection
	GlobalSection(ExtensibilityGlobals) = postSolution
		SolutionGuid = {2544149B-A840-4F60-87EA-E4548E49E637}
	EndGlobalSection
EndGlobal
