
Microsoft Visual Studio Solution File, Format Version 12.00
# Visual Studio Version 17
VisualStudioVersion = 17.5.33516.290
MinimumVisualStudioVersion = 10.0.40219.1
Project("{FAE04EC0-301F-11D3-BF4B-00C04F79EFBC}") = "wf08_dbhandling", "wf08_dbhandling\wf08_dbhandling.csproj", "{02446A29-B5B8-4CCA-B924-7EA456822ECF}"
EndProject
Project("{FAE04EC0-301F-11D3-BF4B-00C04F79EFBC}") = "wf07_myexplorer", "wf07_myexplorer\wf07_myexplorer.csproj", "{44EAF501-1693-491D-85DC-DE4F154EF91C}"
EndProject
Global
	GlobalSection(SolutionConfigurationPlatforms) = preSolution
		Debug|Any CPU = Debug|Any CPU
		Release|Any CPU = Release|Any CPU
	EndGlobalSection
	GlobalSection(ProjectConfigurationPlatforms) = postSolution
		{02446A29-B5B8-4CCA-B924-7EA456822ECF}.Debug|Any CPU.ActiveCfg = Debug|Any CPU
		{02446A29-B5B8-4CCA-B924-7EA456822ECF}.Debug|Any CPU.Build.0 = Debug|Any CPU
		{02446A29-B5B8-4CCA-B924-7EA456822ECF}.Release|Any CPU.ActiveCfg = Release|Any CPU
		{02446A29-B5B8-4CCA-B924-7EA456822ECF}.Release|Any CPU.Build.0 = Release|Any CPU
		{44EAF501-1693-491D-85DC-DE4F154EF91C}.Debug|Any CPU.ActiveCfg = Debug|Any CPU
		{44EAF501-1693-491D-85DC-DE4F154EF91C}.Debug|Any CPU.Build.0 = Debug|Any CPU
		{44EAF501-1693-491D-85DC-DE4F154EF91C}.Release|Any CPU.ActiveCfg = Release|Any CPU
		{44EAF501-1693-491D-85DC-DE4F154EF91C}.Release|Any CPU.Build.0 = Release|Any CPU
	EndGlobalSection
	GlobalSection(SolutionProperties) = preSolution
		HideSolutionNode = FALSE
	EndGlobalSection
	GlobalSection(ExtensibilityGlobals) = postSolution
		SolutionGuid = {1638A714-D9F7-4C5E-A698-B6511C790CA6}
	EndGlobalSection
EndGlobal
