
Microsoft Visual Studio Solution File, Format Version 12.00
# Visual Studio Version 17
VisualStudioVersion = 17.5.33516.290
MinimumVisualStudioVersion = 10.0.40219.1
Project("{FAE04EC0-301F-11D3-BF4B-00C04F79EFBC}") = "wf09_dbhandling", "wf09_dbhandling\wf09_dbhandling.csproj", "{179C5DA8-B44A-494C-9140-10EEC6D5197E}"
EndProject
Project("{FAE04EC0-301F-11D3-BF4B-00C04F79EFBC}") = "wf10_mysqlhandling", "wf10_mysqlhandling\wf10_mysqlhandling.csproj", "{A2948084-9B75-40DF-A178-13EE1E041B01}"
EndProject
Project("{FAE04EC0-301F-11D3-BF4B-00C04F79EFBC}") = "wf11_mditest", "wf11_mditest\wf11_mditest.csproj", "{CCC9E304-BACB-47BE-B452-90CAB71439ED}"
EndProject
Global
	GlobalSection(SolutionConfigurationPlatforms) = preSolution
		Debug|Any CPU = Debug|Any CPU
		Release|Any CPU = Release|Any CPU
	EndGlobalSection
	GlobalSection(ProjectConfigurationPlatforms) = postSolution
		{179C5DA8-B44A-494C-9140-10EEC6D5197E}.Debug|Any CPU.ActiveCfg = Debug|Any CPU
		{179C5DA8-B44A-494C-9140-10EEC6D5197E}.Debug|Any CPU.Build.0 = Debug|Any CPU
		{179C5DA8-B44A-494C-9140-10EEC6D5197E}.Release|Any CPU.ActiveCfg = Release|Any CPU
		{179C5DA8-B44A-494C-9140-10EEC6D5197E}.Release|Any CPU.Build.0 = Release|Any CPU
		{A2948084-9B75-40DF-A178-13EE1E041B01}.Debug|Any CPU.ActiveCfg = Debug|Any CPU
		{A2948084-9B75-40DF-A178-13EE1E041B01}.Debug|Any CPU.Build.0 = Debug|Any CPU
		{A2948084-9B75-40DF-A178-13EE1E041B01}.Release|Any CPU.ActiveCfg = Release|Any CPU
		{A2948084-9B75-40DF-A178-13EE1E041B01}.Release|Any CPU.Build.0 = Release|Any CPU
		{CCC9E304-BACB-47BE-B452-90CAB71439ED}.Debug|Any CPU.ActiveCfg = Debug|Any CPU
		{CCC9E304-BACB-47BE-B452-90CAB71439ED}.Debug|Any CPU.Build.0 = Debug|Any CPU
		{CCC9E304-BACB-47BE-B452-90CAB71439ED}.Release|Any CPU.ActiveCfg = Release|Any CPU
		{CCC9E304-BACB-47BE-B452-90CAB71439ED}.Release|Any CPU.Build.0 = Release|Any CPU
	EndGlobalSection
	GlobalSection(SolutionProperties) = preSolution
		HideSolutionNode = FALSE
	EndGlobalSection
	GlobalSection(ExtensibilityGlobals) = postSolution
		SolutionGuid = {7482C6AF-CC1D-4382-8CD5-70606DE53902}
	EndGlobalSection
EndGlobal
